Microsoft Visual Studio Solution File, Format Version 12.00
# Visual Studio Version 17
VisualStudioVersion = 17.0.31903.59
MinimumVisualStudioVersion = 10.0.40219.1
Project("{FAE04EC0-301F-11D3-BF4B-00C04F79EFBC}") = "PackageTests.SpecFlow", "SpecFlow\PackageTests.SpecFlow.csproj", "{3C99F986-2FD3-4D92-AD89-06140C6C976D}"
EndProject
Project("{FAE04EC0-301F-11D3-BF4B-00C04F79EFBC}") = "PackageTests.Reqnroll", "Reqnroll\PackageTests.Reqnroll.csproj", "{4DD0A741-DDF2-4A00-96B1-980F7FBC78CC}"
EndProject
Project("{FAE04EC0-301F-11D3-BF4B-00C04F79EFBC}") = "PackageTests.v3.Reqnroll", "v3.Reqnroll\PackageTests.v3.Reqnroll.csproj", "{78C711C2-0F39-4129-B9A4-B60533115830}"
EndProject
Global
	GlobalSection(SolutionConfigurationPlatforms) = preSolution
		Debug|Any CPU = Debug|Any CPU
		Release|Any CPU = Release|Any CPU
	EndGlobalSection
	GlobalSection(ProjectConfigurationPlatforms) = postSolution
		{3C99F986-2FD3-4D92-AD89-06140C6C976D}.Debug|Any CPU.ActiveCfg = Debug|Any CPU
		{3C99F986-2FD3-4D92-AD89-06140C6C976D}.Debug|Any CPU.Build.0 = Debug|Any CPU
		{3C99F986-2FD3-4D92-AD89-06140C6C976D}.Release|Any CPU.ActiveCfg = Release|Any CPU
		{3C99F986-2FD3-4D92-AD89-06140C6C976D}.Release|Any CPU.Build.0 = Release|Any CPU
		{4DD0A741-DDF2-4A00-96B1-980F7FBC78CC}.Debug|Any CPU.ActiveCfg = Debug|Any CPU
		{4DD0A741-DDF2-4A00-96B1-980F7FBC78CC}.Debug|Any CPU.Build.0 = Debug|Any CPU
		{4DD0A741-DDF2-4A00-96B1-980F7FBC78CC}.Release|Any CPU.ActiveCfg = Release|Any CPU
		{4DD0A741-DDF2-4A00-96B1-980F7FBC78CC}.Release|Any CPU.Build.0 = Release|Any CPU
		{78C711C2-0F39-4129-B9A4-B60533115830}.Debug|Any CPU.ActiveCfg = Debug|Any CPU
		{78C711C2-0F39-4129-B9A4-B60533115830}.Debug|Any CPU.Build.0 = Debug|Any CPU
		{78C711C2-0F39-4129-B9A4-B60533115830}.Release|Any CPU.ActiveCfg = Release|Any CPU
		{78C711C2-0F39-4129-B9A4-B60533115830}.Release|Any CPU.Build.0 = Release|Any CPU
	EndGlobalSection
	GlobalSection(SolutionProperties) = preSolution
		HideSolutionNode = FALSE
	EndGlobalSection
EndGlobal
