Microsoft Visual Studio Solution File, Format Version 12.00
# Visual Studio Version 17
VisualStudioVersion = 17.0.31903.59
MinimumVisualStudioVersion = 10.0.40219.1
Project("{FAE04EC0-301F-11D3-BF4B-00C04F79EFBC}") = "InvalidConfigTests.v2", "v2\InvalidConfigTests.v2.csproj", "{5D3DC5D8-362B-4A23-B5AB-7354EBA41CCF}"
EndProject
Project("{FAE04EC0-301F-11D3-BF4B-00C04F79EFBC}") = "InvalidConfigTests.v3", "v3\InvalidConfigTests.v3.csproj", "{F6E945E0-ECC9-4FE7-B580-D8B59586FC1E}"
EndProject
Global
	GlobalSection(SolutionConfigurationPlatforms) = preSolution
		Debug|Any CPU = Debug|Any CPU
		Release|Any CPU = Release|Any CPU
	EndGlobalSection
	GlobalSection(ProjectConfigurationPlatforms) = postSolution
		{5D3DC5D8-362B-4A23-B5AB-7354EBA41CCF}.Debug|Any CPU.ActiveCfg = Debug|Any CPU
		{5D3DC5D8-362B-4A23-B5AB-7354EBA41CCF}.Debug|Any CPU.Build.0 = Debug|Any CPU
		{5D3DC5D8-362B-4A23-B5AB-7354EBA41CCF}.Release|Any CPU.ActiveCfg = Release|Any CPU
		{5D3DC5D8-362B-4A23-B5AB-7354EBA41CCF}.Release|Any CPU.Build.0 = Release|Any CPU
		{F6E945E0-ECC9-4FE7-B580-D8B59586FC1E}.Debug|Any CPU.ActiveCfg = Debug|Any CPU
		{F6E945E0-ECC9-4FE7-B580-D8B59586FC1E}.Debug|Any CPU.Build.0 = Debug|Any CPU
		{F6E945E0-ECC9-4FE7-B580-D8B59586FC1E}.Release|Any CPU.ActiveCfg = Release|Any CPU
		{F6E945E0-ECC9-4FE7-B580-D8B59586FC1E}.Release|Any CPU.Build.0 = Release|Any CPU
	EndGlobalSection
	GlobalSection(SolutionProperties) = preSolution
		HideSolutionNode = FALSE
	EndGlobalSection
EndGlobal
